
Microsoft Visual Studio Solution File, Format Version 12.00
# Visual Studio Version 17
VisualStudioVersion = 17.2.32630.192
MinimumVisualStudioVersion = 10.0.40219.1
Project("{2150E333-8FDC-42A3-9474-1A3956D46DE8}") = "1- Domain", "1- Domain", "{2BC53A8B-0EE9-4241-AB5E-ACA5AFC8BB85}"
EndProject
Project("{2150E333-8FDC-42A3-9474-1A3956D46DE8}") = "0- API", "0- API", "{0E2BC2A7-0CB6-4C53-B400-CFF28409895D}"
EndProject
Project("{FAE04EC0-301F-11D3-BF4B-00C04F79EFBC}") = "ADN.Domain", "ADN.Domain\ADN.Domain.csproj", "{644371DC-8457-460C-AFF1-FA8932FF6694}"
EndProject
Global
	GlobalSection(SolutionConfigurationPlatforms) = preSolution
		Debug|Any CPU = Debug|Any CPU
		Release|Any CPU = Release|Any CPU
	EndGlobalSection
	GlobalSection(ProjectConfigurationPlatforms) = postSolution
		{644371DC-8457-460C-AFF1-FA8932FF6694}.Debug|Any CPU.ActiveCfg = Debug|Any CPU
		{644371DC-8457-460C-AFF1-FA8932FF6694}.Debug|Any CPU.Build.0 = Debug|Any CPU
		{644371DC-8457-460C-AFF1-FA8932FF6694}.Release|Any CPU.ActiveCfg = Release|Any CPU
		{644371DC-8457-460C-AFF1-FA8932FF6694}.Release|Any CPU.Build.0 = Release|Any CPU
	EndGlobalSection
	GlobalSection(SolutionProperties) = preSolution
		HideSolutionNode = FALSE
	EndGlobalSection
	GlobalSection(NestedProjects) = preSolution
		{644371DC-8457-460C-AFF1-FA8932FF6694} = {2BC53A8B-0EE9-4241-AB5E-ACA5AFC8BB85}
	EndGlobalSection
	GlobalSection(ExtensibilityGlobals) = postSolution
		SolutionGuid = {01847287-017B-4F95-B5BA-552E8112075E}
	EndGlobalSection
EndGlobal
